
Microsoft Visual Studio Solution File, Format Version 12.00
# Visual Studio 15
VisualStudioVersion = 15.0.27428.2037
MinimumVisualStudioVersion = 10.0.40219.1
Project("{FAE04EC0-301F-11D3-BF4B-00C04F79EFBC}") = "Katas", "Katas\Katas.csproj", "{FEF3022F-DEB3-4DF1-BB3E-B2DCFC198D96}"
EndProject
Project("{FAE04EC0-301F-11D3-BF4B-00C04F79EFBC}") = "KatasTest", "KatasTest\KatasTest.csproj", "{BD355662-56C3-48C4-8C84-516046F30AF0}"
EndProject
Global
	GlobalSection(SolutionConfigurationPlatforms) = preSolution
		Debug|Any CPU = Debug|Any CPU
		Release|Any CPU = Release|Any CPU
	EndGlobalSection
	GlobalSection(ProjectConfigurationPlatforms) = postSolution
		{FEF3022F-DEB3-4DF1-BB3E-B2DCFC198D96}.Debug|Any CPU.ActiveCfg = Debug|Any CPU
		{FEF3022F-DEB3-4DF1-BB3E-B2DCFC198D96}.Debug|Any CPU.Build.0 = Debug|Any CPU
		{FEF3022F-DEB3-4DF1-BB3E-B2DCFC198D96}.Release|Any CPU.ActiveCfg = Release|Any CPU
		{FEF3022F-DEB3-4DF1-BB3E-B2DCFC198D96}.Release|Any CPU.Build.0 = Release|Any CPU
		{BD355662-56C3-48C4-8C84-516046F30AF0}.Debug|Any CPU.ActiveCfg = Debug|Any CPU
		{BD355662-56C3-48C4-8C84-516046F30AF0}.Debug|Any CPU.Build.0 = Debug|Any CPU
		{BD355662-56C3-48C4-8C84-516046F30AF0}.Release|Any CPU.ActiveCfg = Release|Any CPU
		{BD355662-56C3-48C4-8C84-516046F30AF0}.Release|Any CPU.Build.0 = Release|Any CPU
	EndGlobalSection
	GlobalSection(SolutionProperties) = preSolution
		HideSolutionNode = FALSE
	EndGlobalSection
	GlobalSection(ExtensibilityGlobals) = postSolution
		SolutionGuid = {F7BC280A-0A4B-4094-95EB-6D177B9396E5}
	EndGlobalSection
EndGlobal
